
Microsoft Visual Studio Solution File, Format Version 12.00
# Visual Studio Version 17
VisualStudioVersion = 17.0.31903.59
MinimumVisualStudioVersion = 10.0.40219.1
Project("{9A19103F-16F7-4668-BE54-9A1E7A4F7556}") = "MvcSuperShop", "MvcSuperShop\MvcSuperShop.csproj", "{DE596C34-1B27-4A15-9858-A2A419333B98}"
EndProject
Project("{FAE04EC0-301F-11D3-BF4B-00C04F79EFBC}") = "ShopAdmin", "ShopAdmin\ShopAdmin.csproj", "{E74A9E07-8C7B-479C-8762-1761A0978830}"
EndProject
Project("{FAE04EC0-301F-11D3-BF4B-00C04F79EFBC}") = "ShopGeneral", "ShopGeneral\ShopGeneral.csproj", "{98E606CB-C422-4485-A827-7949E7E9F451}"
EndProject
Global
	GlobalSection(SolutionConfigurationPlatforms) = preSolution
		Debug|Any CPU = Debug|Any CPU
		Release|Any CPU = Release|Any CPU
	EndGlobalSection
	GlobalSection(ProjectConfigurationPlatforms) = postSolution
		{DE596C34-1B27-4A15-9858-A2A419333B98}.Debug|Any CPU.ActiveCfg = Debug|Any CPU
		{DE596C34-1B27-4A15-9858-A2A419333B98}.Debug|Any CPU.Build.0 = Debug|Any CPU
		{DE596C34-1B27-4A15-9858-A2A419333B98}.Release|Any CPU.ActiveCfg = Release|Any CPU
		{DE596C34-1B27-4A15-9858-A2A419333B98}.Release|Any CPU.Build.0 = Release|Any CPU
		{E74A9E07-8C7B-479C-8762-1761A0978830}.Debug|Any CPU.ActiveCfg = Debug|Any CPU
		{E74A9E07-8C7B-479C-8762-1761A0978830}.Debug|Any CPU.Build.0 = Debug|Any CPU
		{E74A9E07-8C7B-479C-8762-1761A0978830}.Release|Any CPU.ActiveCfg = Release|Any CPU
		{E74A9E07-8C7B-479C-8762-1761A0978830}.Release|Any CPU.Build.0 = Release|Any CPU
		{98E606CB-C422-4485-A827-7949E7E9F451}.Debug|Any CPU.ActiveCfg = Debug|Any CPU
		{98E606CB-C422-4485-A827-7949E7E9F451}.Debug|Any CPU.Build.0 = Debug|Any CPU
		{98E606CB-C422-4485-A827-7949E7E9F451}.Release|Any CPU.ActiveCfg = Release|Any CPU
		{98E606CB-C422-4485-A827-7949E7E9F451}.Release|Any CPU.Build.0 = Release|Any CPU
	EndGlobalSection
	GlobalSection(SolutionProperties) = preSolution
		HideSolutionNode = FALSE
	EndGlobalSection
	GlobalSection(ExtensibilityGlobals) = postSolution
		SolutionGuid = {06DD725A-67CB-49E4-B3D6-66BBE7925476}
	EndGlobalSection
EndGlobal
